dependencies:
- name: mongodb
  repository: https://charts.bitnami.com/bitnami
  version: 14.13.0
- name: redis
  repository: https://charts.bitnami.com/bitnami
  version: 16.13.2
digest: sha256:1447df56df3fae9ab219958b28d95dc81c6da419ac3b9b1a4d2deabcdc3e93f5
generated: "2025-01-03T20:22:47.97405416Z"
