dependencies:
- name: mongodb
  repository: https://charts.bitnami.com/bitnami
  version: 14.3.2
- name: redis
  repository: https://charts.bitnami.com/bitnami
  version: 18.4.0
digest: sha256:5b32bbfeac2b2d4cfbb7f13f0ff706b689267db9d4749de15bfc0537cf87f7c2
generated: "2023-12-03T16:05:44.9279985-08:00"
